
Microsoft Visual Studio Solution File, Format Version 12.00
# Visual Studio Version 16
VisualStudioVersion = 16.0.30717.126
MinimumVisualStudioVersion = 10.0.40219.1
Project("{FAE04EC0-301F-11D3-BF4B-00C04F79EFBC}") = "WindowsFormsSimu", "WindowsFormsSimu.csproj", "{81872FFA-320B-4B94-8ECD-5CF88996DD13}"
EndProject
Global
	GlobalSection(SolutionConfigurationPlatforms) = preSolution
		Debug|Any CPU = Debug|Any CPU
		Release|Any CPU = Release|Any CPU
	EndGlobalSection
	GlobalSection(ProjectConfigurationPlatforms) = postSolution
		{81872FFA-320B-4B94-8ECD-5CF88996DD13}.Debug|Any CPU.ActiveCfg = Debug|Any CPU
		{81872FFA-320B-4B94-8ECD-5CF88996DD13}.Debug|Any CPU.Build.0 = Debug|Any CPU
		{81872FFA-320B-4B94-8ECD-5CF88996DD13}.Release|Any CPU.ActiveCfg = Release|Any CPU
		{81872FFA-320B-4B94-8ECD-5CF88996DD13}.Release|Any CPU.Build.0 = Release|Any CPU
	EndGlobalSection
	GlobalSection(SolutionProperties) = preSolution
		HideSolutionNode = FALSE
	EndGlobalSection
	GlobalSection(ExtensibilityGlobals) = postSolution
		SolutionGuid = {A45F3C63-EFF6-48BF-956A-D0BDDF645E99}
	EndGlobalSection
EndGlobal
